
Microsoft Visual Studio Solution File, Format Version 12.00
# Visual Studio Version 17
VisualStudioVersion = 17.6.33829.357
MinimumVisualStudioVersion = 10.0.40219.1
Project("{FAE04EC0-301F-11D3-BF4B-00C04F79EFBC}") = "ReelTalkReviews", "ReelTalkReviews\ReelTalkReviews.csproj", "{BFC3A2B5-7ED3-485A-AC68-97BA3265E0B0}"
EndProject
Global
	GlobalSection(SolutionConfigurationPlatforms) = preSolution
		Debug|Any CPU = Debug|Any CPU
		Release|Any CPU = Release|Any CPU
	EndGlobalSection
	GlobalSection(ProjectConfigurationPlatforms) = postSolution
		{BFC3A2B5-7ED3-485A-AC68-97BA3265E0B0}.Debug|Any CPU.ActiveCfg = Debug|Any CPU
		{BFC3A2B5-7ED3-485A-AC68-97BA3265E0B0}.Debug|Any CPU.Build.0 = Debug|Any CPU
		{BFC3A2B5-7ED3-485A-AC68-97BA3265E0B0}.Release|Any CPU.ActiveCfg = Release|Any CPU
		{BFC3A2B5-7ED3-485A-AC68-97BA3265E0B0}.Release|Any CPU.Build.0 = Release|Any CPU
	EndGlobalSection
	GlobalSection(SolutionProperties) = preSolution
		HideSolutionNode = FALSE
	EndGlobalSection
	GlobalSection(ExtensibilityGlobals) = postSolution
		SolutionGuid = {EFD1D96B-AC49-4966-AA2D-E313DA4AB223}
	EndGlobalSection
EndGlobal
